<?xml version="1.0" encoding="utf-8"?>
<Project ToolsVersion="4.0" xmlns="http://schemas.microsoft.com/developer/msbuild/2003">
  <ItemGroup>
    <Filter Include="源文件">
      <UniqueIdentifier>{4FC737F1-C7A5-4376-A066-2A32D752A2FF}</UniqueIdentifier>
      <Extensions>cpp;c;cc;cxx;c++;cppm;ixx;def;odl;idl;hpj;bat;asm;asmx</Extensions>
    </Filter>
    <Filter Include="头文件">
      <UniqueIdentifier>{93995380-89BD-4b04-88EB-625FBE52EBFB}</UniqueIdentifier>
      <Extensions>h;hh;hpp;hxx;h++;hm;inl;inc;ipp;xsd</Extensions>
    </Filter>
    <Filter Include="资源文件">
      <UniqueIdentifier>{67DA6AB6-F800-4c08-8B7A-83BB121AAD01}</UniqueIdentifier>
      <Extensions>rc;ico;cur;bmp;dlg;rc2;rct;bin;rgs;gif;jpg;jpeg;jpe;resx;tiff;tif;png;wav;mfcribbon-ms</Extensions>
    </Filter>
    <Filter Include="源文件\cJSON">
      <UniqueIdentifier>{675f256b-4a3d-41b0-9b5e-9db2d68c24ec}</UniqueIdentifier>
    </Filter>
    <Filter Include="头文件\managers">
      <UniqueIdentifier>{91d80341-9b5d-42cd-8da6-60078831eae1}</UniqueIdentifier>
    </Filter>
    <Filter Include="头文件\enemy">
      <UniqueIdentifier>{0047a9d1-cdf4-43f4-8fa5-29b8ce5312ae}</UniqueIdentifier>
    </Filter>
    <Filter Include="头文件\map">
      <UniqueIdentifier>{cc519913-11f1-46a6-81c3-7bc759c851a3}</UniqueIdentifier>
    </Filter>
    <Filter Include="头文件\bullet">
      <UniqueIdentifier>{2c775d4f-08ab-4238-9d41-4b4a5706b7bb}</UniqueIdentifier>
    </Filter>
    <Filter Include="头文件\tower">
      <UniqueIdentifier>{9803ccfc-0e3d-4db9-a928-85c49dca2b08}</UniqueIdentifier>
    </Filter>
    <Filter Include="头文件\tools">
      <UniqueIdentifier>{771c9fc9-fff9-4349-8892-239666f83593}</UniqueIdentifier>
    </Filter>
  </ItemGroup>
  <ItemGroup>
    <ClCompile Include="main.cpp">
      <Filter>源文件</Filter>
    </ClCompile>
    <ClCompile Include="..\Libraries\cJSON\cJSON.c">
      <Filter>源文件\cJSON</Filter>
    </ClCompile>
    <ClCompile Include="bullets.h">
      <Filter>头文件\bullet</Filter>
    </ClCompile>
  </ItemGroup>
  <ItemGroup>
    <ClInclude Include="game_manager.h">
      <Filter>头文件\managers</Filter>
    </ClInclude>
    <ClInclude Include="manager.h">
      <Filter>头文件\managers</Filter>
    </ClInclude>
    <ClInclude Include="config_manager.h">
      <Filter>头文件\managers</Filter>
    </ClInclude>
    <ClInclude Include="enemy_type.h">
      <Filter>头文件\enemy</Filter>
    </ClInclude>
    <ClInclude Include="resources_manager.h">
      <Filter>头文件\managers</Filter>
    </ClInclude>
    <ClInclude Include="map.h">
      <Filter>头文件\map</Filter>
    </ClInclude>
    <ClInclude Include="route.h">
      <Filter>头文件\map</Filter>
    </ClInclude>
    <ClInclude Include="tile.h">
      <Filter>头文件\map</Filter>
    </ClInclude>
    <ClInclude Include="wave.h">
      <Filter>头文件\map</Filter>
    </ClInclude>
    <ClInclude Include="enemy.h">
      <Filter>头文件\enemy</Filter>
    </ClInclude>
    <ClInclude Include="enemy_manager.h">
      <Filter>头文件\managers</Filter>
    </ClInclude>
    <ClInclude Include="home_manager.h">
      <Filter>头文件\managers</Filter>
    </ClInclude>
    <ClInclude Include="wave_manager.h">
      <Filter>头文件\managers</Filter>
    </ClInclude>
    <ClInclude Include="coin_manager.h">
      <Filter>头文件\managers</Filter>
    </ClInclude>
    <ClInclude Include="enemies.h">
      <Filter>头文件\enemy</Filter>
    </ClInclude>
    <ClInclude Include="bullet.h">
      <Filter>头文件\bullet</Filter>
    </ClInclude>
    <ClInclude Include="bullet_type.h">
      <Filter>头文件\bullet</Filter>
    </ClInclude>
    <ClInclude Include="bullet_manager.h">
      <Filter>头文件\managers</Filter>
    </ClInclude>
    <ClInclude Include="tower.h">
      <Filter>头文件\tower</Filter>
    </ClInclude>
    <ClInclude Include="tower_type.h">
      <Filter>头文件\tower</Filter>
    </ClInclude>
    <ClInclude Include="facing.h">
      <Filter>头文件\tower</Filter>
    </ClInclude>
    <ClInclude Include="towers.h">
      <Filter>头文件\tower</Filter>
    </ClInclude>
    <ClInclude Include="tower_manager.h">
      <Filter>头文件\managers</Filter>
    </ClInclude>
    <ClInclude Include="timer.h">
      <Filter>头文件\tools</Filter>
    </ClInclude>
    <ClInclude Include="vector2.h">
      <Filter>头文件\tools</Filter>
    </ClInclude>
    <ClInclude Include="animation.h">
      <Filter>头文件\tools</Filter>
    </ClInclude>
    <ClInclude Include="coin_prop.h">
      <Filter>头文件\tools</Filter>
    </ClInclude>
  </ItemGroup>
</Project>